
Microsoft Visual Studio Solution File, Format Version 12.00
# Visual Studio Version 16
VisualStudioVersion = 16.0.30204.135
MinimumVisualStudioVersion = 10.0.40219.1
Project("{9A19103F-16F7-4668-BE54-9A1E7A4F7556}") = "Test", "Test.csproj", "{2A535E84-599B-4770-988B-EAD75A514F29}"
EndProject
Project("{FAE04EC0-301F-11D3-BF4B-00C04F79EFBC}") = "Test.Data", "..\Test.Data\Test.Data.csproj", "{1EFBA0A5-7229-4DE0-B0EC-D463A3A40A92}"
EndProject
Global
	GlobalSection(SolutionConfigurationPlatforms) = preSolution
		Debug|Any CPU = Debug|Any CPU
		Release|Any CPU = Release|Any CPU
	EndGlobalSection
	GlobalSection(ProjectConfigurationPlatforms) = postSolution
		{2A535E84-599B-4770-988B-EAD75A514F29}.Debug|Any CPU.ActiveCfg = Debug|Any CPU
		{2A535E84-599B-4770-988B-EAD75A514F29}.Debug|Any CPU.Build.0 = Debug|Any CPU
		{2A535E84-599B-4770-988B-EAD75A514F29}.Release|Any CPU.ActiveCfg = Release|Any CPU
		{2A535E84-599B-4770-988B-EAD75A514F29}.Release|Any CPU.Build.0 = Release|Any CPU
		{1EFBA0A5-7229-4DE0-B0EC-D463A3A40A92}.Debug|Any CPU.ActiveCfg = Debug|Any CPU
		{1EFBA0A5-7229-4DE0-B0EC-D463A3A40A92}.Debug|Any CPU.Build.0 = Debug|Any CPU
		{1EFBA0A5-7229-4DE0-B0EC-D463A3A40A92}.Release|Any CPU.ActiveCfg = Release|Any CPU
		{1EFBA0A5-7229-4DE0-B0EC-D463A3A40A92}.Release|Any CPU.Build.0 = Release|Any CPU
	EndGlobalSection
	GlobalSection(SolutionProperties) = preSolution
		HideSolutionNode = FALSE
	EndGlobalSection
	GlobalSection(ExtensibilityGlobals) = postSolution
		SolutionGuid = {ACC580DB-F504-4147-9BA9-67EEB806FD1B}
	EndGlobalSection
EndGlobal
